// !$*UTF8*$!
{
	archiveVersion = 1;
	classes = {
	};
	objectVersion = 56;
	objects = {

/* Begin PBXBuildFile section */
		D0107328292D40A9002EBA55 /* AppDelegate.swift in Sources */ = {isa = PBXBuildFile; fileRef = D0107327292D40A9002EBA55 /* AppDelegate.swift */; };
		D010732A292D40A9002EBA55 /* SceneDelegate.swift in Sources */ = {isa = PBXBuildFile; fileRef = D0107329292D40A9002EBA55 /* SceneDelegate.swift */; };
		D010732C292D40A9002EBA55 /* ViewController.swift in Sources */ = {isa = PBXBuildFile; fileRef = D010732B292D40A9002EBA55 /* ViewController.swift */; };
		D010732F292D40A9002EBA55 /* Main.storyboard in Resources */ = {isa = PBXBuildFile; fileRef = D010732D292D40A9002EBA55 /* Main.storyboard */; };
		D0107331292D40AA002EBA55 /* Assets.xcassets in Resources */ = {isa = PBXBuildFile; fileRef = D0107330292D40AA002EBA55 /* Assets.xcassets */; };
		D0107334292D40AA002EBA55 /* LaunchScreen.storyboard in Resources */ = {isa = PBXBuildFile; fileRef = D0107332292D40AA002EBA55 /* LaunchScreen.storyboard */; };
		D010733C292D54F7002EBA55 /* APIClient.swift in Sources */ = {isa = PBXBuildFile; fileRef = D010733B292D54F7002EBA55 /* APIClient.swift */; };
		D0346382292E72F600CB156F /* ViewController2.swift in Sources */ = {isa = PBXBuildFile; fileRef = D0346381292E72F600CB156F /* ViewController2.swift */; };
/* End PBXBuildFile section */

/* Begin PBXFileReference section */
		D0107324292D40A9002EBA55 /* UIkit13-DelegationPatter.app */ = {isa = PBXFileReference; explicitFileType = wrapper.application; includeInIndex = 0; path = "UIkit13-DelegationPatter.app"; sourceTree = BUILT_PRODUCTS_DIR; };
		D0107327292D40A9002EBA55 /* AppDelegate.swift */ = {isa = PBXFileReference; lastKnownFileType = sourcecode.swift; path = AppDelegate.swift; sourceTree = "<group>"; };
		D0107329292D40A9002EBA55 /* SceneDelegate.swift */ = {isa = PBXFileReference; lastKnownFileType = sourcecode.swift; path = SceneDelegate.swift; sourceTree = "<group>"; };
		D010732B292D40A9002EBA55 /* ViewController.swift */ = {isa = PBXFileReference; lastKnownFileType = sourcecode.swift; path = ViewController.swift; sourceTree = "<group>"; };
		D010732E292D40A9002EBA55 /* Base */ = {isa = PBXFileReference; lastKnownFileType = file.storyboard; name = Base; path = Base.lproj/Main.storyboard; sourceTree = "<group>"; };
		D0107330292D40AA002EBA55 /* Assets.xcassets */ = {isa = PBXFileReference; lastKnownFileType = folder.assetcatalog; path = Assets.xcassets; sourceTree = "<group>"; };
		D0107333292D40AA002EBA55 /* Base */ = {isa = PBXFileReference; lastKnownFileType = file.storyboard; name = Base; path = Base.lproj/LaunchScreen.storyboard; sourceTree = "<group>"; };
		D0107335292D40AA002EBA55 /* Info.plist */ = {isa = PBXFileReference; lastKnownFileType = text.plist.xml; path = Info.plist; sourceTree = "<group>"; };
		D010733B292D54F7002EBA55 /* APIClient.swift */ = {isa = PBXFileReference; lastKnownFileType = sourcecode.swift; path = APIClient.swift; sourceTree = "<group>"; };
		D0346381292E72F600CB156F /* ViewController2.swift */ = {isa = PBXFileReference; lastKnownFileType = sourcecode.swift; path = ViewController2.swift; sourceTree = "<group>"; };
/* End PBXFileReference section */

/* Begin PBXFrameworksBuildPhase section */
		D0107321292D40A9002EBA55 /* Frameworks */ = {
			isa = PBXFrameworksBuildPhase;
			buildActionMask = 2147483647;
			files = (
			);
			runOnlyForDeploymentPostprocessing = 0;
		};
/* End PBXFrameworksBuildPhase section */

/* Begin PBXGroup section */
		D010731B292D40A9002EBA55 = {
			isa = PBXGroup;
			children = (
				D0346381292E72F600CB156F /* ViewController2.swift */,
				D0107326292D40A9002EBA55 /* UIkit13-DelegationPatter */,
				D0107325292D40A9002EBA55 /* Products */,
			);
			sourceTree = "<group>";
		};
		D0107325292D40A9002EBA55 /* Products */ = {
			isa = PBXGroup;
			children = (
				D0107324292D40A9002EBA55 /* UIkit13-DelegationPatter.app */,
			);
			name = Products;
			sourceTree = "<group>";
		};
		D0107326292D40A9002EBA55 /* UIkit13-DelegationPatter */ = {
			isa = PBXGroup;
			children = (
				D0107327292D40A9002EBA55 /* AppDelegate.swift */,
				D0107329292D40A9002EBA55 /* SceneDelegate.swift */,
				D010732B292D40A9002EBA55 /* ViewController.swift */,
				D010733B292D54F7002EBA55 /* APIClient.swift */,
				D010732D292D40A9002EBA55 /* Main.storyboard */,
				D0107330292D40AA002EBA55 /* Assets.xcassets */,
				D0107332292D40AA002EBA55 /* LaunchScreen.storyboard */,
				D0107335292D40AA002EBA55 /* Info.plist */,
			);
			path = "UIkit13-DelegationPatter";
			sourceTree = "<group>";
		};
/* End PBXGroup section */

/* Begin PBXNativeTarget section */
		D0107323292D40A9002EBA55 /* UIkit13-DelegationPatter */ = {
			isa = PBXNativeTarget;
			buildConfigurationList = D0107338292D40AA002EBA55 /* Build configuration list for PBXNativeTarget "UIkit13-DelegationPatter" */;
			buildPhases = (
				D0107320292D40A9002EBA55 /* Sources */,
				D0107321292D40A9002EBA55 /* Frameworks */,
				D0107322292D40A9002EBA55 /* Resources */,
			);
			buildRules = (
			);
			dependencies = (
			);
			name = "UIkit13-DelegationPatter";
			productName = "UIkit13-DelegationPatter";
			productReference = D0107324292D40A9002EBA55 /* UIkit13-DelegationPatter.app */;
			productType = "com.apple.product-type.application";
		};
/* End PBXNativeTarget section */

/* Begin PBXProject section */
		D010731C292D40A9002EBA55 /* Project object */ = {
			isa = PBXProject;
			attributes = {
				BuildIndependentTargetsInParallel = 1;
				LastSwiftUpdateCheck = 1410;
				LastUpgradeCheck = 1410;
				TargetAttributes = {
					D0107323292D40A9002EBA55 = {
						CreatedOnToolsVersion = 14.1;
					};
				};
			};
			buildConfigurationList = D010731F292D40A9002EBA55 /* Build configuration list for PBXProject "UIkit13-DelegationPatter" */;
			compatibilityVersion = "Xcode 14.0";
			developmentRegion = en;
			hasScannedForEncodings = 0;
			knownRegions = (
				en,
				Base,
			);
			mainGroup = D010731B292D40A9002EBA55;
			productRefGroup = D0107325292D40A9002EBA55 /* Products */;
			projectDirPath = "";
			projectRoot = "";
			targets = (
				D0107323292D40A9002EBA55 /* UIkit13-DelegationPatter */,
			);
		};
/* End PBXProject section */

/* Begin PBXResourcesBuildPhase section */
		D0107322292D40A9002EBA55 /* Resources */ = {
			isa = PBXResourcesBuildPhase;
			buildActionMask = 2147483647;
			files = (
				D0107334292D40AA002EBA55 /* LaunchScreen.storyboard in Resources */,
				D0107331292D40AA002EBA55 /* Assets.xcassets in Resources */,
				D010732F292D40A9002EBA55 /* Main.storyboard in Resources */,
			);
			runOnlyForDeploymentPostprocessing = 0;
		};
/* End PBXResourcesBuildPhase section */

/* Begin PBXSourcesBuildPhase section */
		D0107320292D40A9002EBA55 /* Sources */ = {
			isa = PBXSourcesBuildPhase;
			buildActionMask = 2147483647;
			files = (
				D0346382292E72F600CB156F /* ViewController2.swift in Sources */,
				D010732C292D40A9002EBA55 /* ViewController.swift in Sources */,
				D0107328292D40A9002EBA55 /* AppDelegate.swift in Sources */,
				D010732A292D40A9002EBA55 /* SceneDelegate.swift in Sources */,
				D010733C292D54F7002EBA55 /* APIClient.swift in Sources */,
			);
			runOnlyForDeploymentPostprocessing = 0;
		};
/* End PBXSourcesBuildPhase section */

/* Begin PBXVariantGroup section */
		D010732D292D40A9002EBA55 /* Main.storyboard */ = {
			isa = PBXVariantGroup;
			children = (
				D010732E292D40A9002EBA55 /* Base */,
			);
			name = Main.storyboard;
			sourceTree = "<group>";
		};
		D0107332292D40AA002EBA55 /* LaunchScreen.storyboard */ = {
			isa = PBXVariantGroup;
			children = (
				D0107333292D40AA002EBA55 /* Base */,
			);
			name = LaunchScreen.storyboard;
			sourceTree = "<group>";
		};
/* End PBXVariantGroup section */

/* Begin XCBuildConfiguration section */
		D0107336292D40AA002EBA55 /* Debug */ = {
			isa = XCBuildConfiguration;
			buildSettings = {
				ALWAYS_SEARCH_USER_PATHS = NO;
				CLANG_ANALYZER_NONNULL = YES;
				CLANG_ANALYZER_NUMBER_OBJECT_CONVERSION = YES_AGGRESSIVE;
				CLANG_CXX_LANGUAGE_STANDARD = "gnu++20";
				CLANG_ENABLE_MODULES = YES;
				CLANG_ENABLE_OBJC_ARC = YES;
				CLANG_ENABLE_OBJC_WEAK = YES;
				CLANG_WARN_BLOCK_CAPTURE_AUTORELEASING = YES;
				CLANG_WARN_BOOL_CONVERSION = YES;
				CLANG_WARN_COMMA = YES;
				CLANG_WARN_CONSTANT_CONVERSION = YES;
				CLANG_WARN_DEPRECATED_OBJC_IMPLEMENTATIONS = YES;
				CLANG_WARN_DIRECT_OBJC_ISA_USAGE = YES_ERROR;
				CLANG_WARN_DOCUMENTATION_COMMENTS = YES;
				CLANG_WARN_EMPTY_BODY = YES;
				CLANG_WARN_ENUM_CONVERSION = YES;
				CLANG_WARN_INFINITE_RECURSION = YES;
				CLANG_WARN_INT_CONVERSION = YES;
				CLANG_WARN_NON_LITERAL_NULL_CONVERSION = YES;
				CLANG_WARN_OBJC_IMPLICIT_RETAIN_SELF = YES;
				CLANG_WARN_OBJC_LITERAL_CONVERSION = YES;
				CLANG_WARN_OBJC_ROOT_CLASS = YES_ERROR;
				CLANG_WARN_QUOTED_INCLUDE_IN_FRAMEWORK_HEADER = YES;
				CLANG_WARN_RANGE_LOOP_ANALYSIS = YES;
				CLANG_WARN_STRICT_PROTOTYPES = YES;
				CLANG_WARN_SUSPICIOUS_MOVE = YES;
				CLANG_WARN_UNGUARDED_AVAILABILITY = YES_AGGRESSIVE;
				CLANG_WARN_UNREACHABLE_CODE = YES;
				CLANG_WARN__DUPLICATE_METHOD_MATCH = YES;
				COPY_PHASE_STRIP = NO;
				DEBUG_INFORMATION_FORMAT = dwarf;
				ENABLE_STRICT_OBJC_MSGSEND = YES;
				ENABLE_TESTABILITY = YES;
				GCC_C_LANGUAGE_STANDARD = gnu11;
				GCC_DYNAMIC_NO_PIC = NO;
				GCC_NO_COMMON_BLOCKS = YES;
				GCC_OPTIMIZATION_LEVEL = 0;
				GCC_PREPROCESSOR_DEFINITIONS = (
					"DEBUG=1",
					"$(inherited)",
				);
				GCC_WARN_64_TO_32_BIT_CONVERSION = YES;
				GCC_WARN_ABOUT_RETURN_TYPE = YES_ERROR;
				GCC_WARN_UNDECLARED_SELECTOR = YES;
				GCC_WARN_UNINITIALIZED_AUTOS = YES_AGGRESSIVE;
				GCC_WARN_UNUSED_FUNCTION = YES;
				GCC_WARN_UNUSED_VARIABLE = YES;
				IPHONEOS_DEPLOYMENT_TARGET = 16.1;
				MTL_ENABLE_DEBUG_INFO = INCLUDE_SOURCE;
				MTL_FAST_MATH = YES;
				ONLY_ACTIVE_ARCH = YES;
				SDKROOT = iphoneos;
				SWIFT_ACTIVE_COMPILATION_CONDITIONS = DEBUG;
				SWIFT_OPTIMIZATION_LEVEL = "-Onone";
			};
			name = Debug;
		};
		D0107337292D40AA002EBA55 /* Release */ = {
			isa = XCBuildConfiguration;
			buildSettings = {
				ALWAYS_SEARCH_USER_PATHS = NO;
				CLANG_ANALYZER_NONNULL = YES;
				CLANG_ANALYZER_NUMBER_OBJECT_CONVERSION = YES_AGGRESSIVE;
				CLANG_CXX_LANGUAGE_STANDARD = "gnu++20";
				CLANG_ENABLE_MODULES = YES;
				CLANG_ENABLE_OBJC_ARC = YES;
				CLANG_ENABLE_OBJC_WEAK = YES;
				CLANG_WARN_BLOCK_CAPTURE_AUTORELEASING = YES;
				CLANG_WARN_BOOL_CONVERSION = YES;
				CLANG_WARN_COMMA = YES;
				CLANG_WARN_CONSTANT_CONVERSION = YES;
				CLANG_WARN_DEPRECATED_OBJC_IMPLEMENTATIONS = YES;
				CLANG_WARN_DIRECT_OBJC_ISA_USAGE = YES_ERROR;
				CLANG_WARN_DOCUMENTATION_COMMENTS = YES;
				CLANG_WARN_EMPTY_BODY = YES;
				CLANG_WARN_ENUM_CONVERSION = YES;
				CLANG_WARN_INFINITE_RECURSION = YES;
				CLANG_WARN_INT_CONVERSION = YES;
				CLANG_WARN_NON_LITERAL_NULL_CONVERSION = YES;
				CLANG_WARN_OBJC_IMPLICIT_RETAIN_SELF = YES;
				CLANG_WARN_OBJC_LITERAL_CONVERSION = YES;
				CLANG_WARN_OBJC_ROOT_CLASS = YES_ERROR;
				CLANG_WARN_QUOTED_INCLUDE_IN_FRAMEWORK_HEADER = YES;
				CLANG_WARN_RANGE_LOOP_ANALYSIS = YES;
				CLANG_WARN_STRICT_PROTOTYPES = YES;
				CLANG_WARN_SUSPICIOUS_MOVE = YES;
				CLANG_WARN_UNGUARDED_AVAILABILITY = YES_AGGRESSIVE;
				CLANG_WARN_UNREACHABLE_CODE = YES;
				CLANG_WARN__DUPLICATE_METHOD_MATCH = YES;
				COPY_PHASE_STRIP = NO;
				DEBUG_INFORMATION_FORMAT = "dwarf-with-dsym";
				ENABLE_NS_ASSERTIONS = NO;
				ENABLE_STRICT_OBJC_MSGSEND = YES;
				GCC_C_LANGUAGE_STANDARD = gnu11;
				GCC_NO_COMMON_BLOCKS = YES;
				GCC_WARN_64_TO_32_BIT_CONVERSION = YES;
				GCC_WARN_ABOUT_RETURN_TYPE = YES_ERROR;
				GCC_WARN_UNDECLARED_SELECTOR = YES;
				GCC_WARN_UNINITIALIZED_AUTOS = YES_AGGRESSIVE;
				GCC_WARN_UNUSED_FUNCTION = YES;
				GCC_WARN_UNUSED_VARIABLE = YES;
				IPHONEOS_DEPLOYMENT_TARGET = 16.1;
				MTL_ENABLE_DEBUG_INFO = NO;
				MTL_FAST_MATH = YES;
				SDKROOT = iphoneos;
				SWIFT_COMPILATION_MODE = wholemodule;
				SWIFT_OPTIMIZATION_LEVEL = "-O";
				VALIDATE_PRODUCT = YES;
			};
			name = Release;
		};
		D0107339292D40AA002EBA55 /* Debug */ = {
			isa = XCBuildConfiguration;
			buildSettings = {
				ASSETCATALOG_COMPILER_APPICON_NAME = AppIcon;
				ASSETCATALOG_COMPILER_GLOBAL_ACCENT_COLOR_NAME = AccentColor;
				CODE_SIGN_STYLE = Automatic;
				CURRENT_PROJECT_VERSION = 1;
				DEVELOPMENT_TEAM = UNUMCWM4L2;
				GENERATE_INFOPLIST_FILE = YES;
				INFOPLIST_FILE = "UIkit13-DelegationPatter/Info.plist";
				INFOPLIST_KEY_UIApplicationSupportsIndirectInputEvents = YES;
				INFOPLIST_KEY_UILaunchStoryboardName = LaunchScreen;
				INFOPLIST_KEY_UIMainStoryboardFile = Main;
				INFOPLIST_KEY_UISupportedInterfaceOrientations_iPad = "UIInterfaceOrientationPortrait UIInterfaceOrientationPortraitUpsideDown UIInterfaceOrientationLandscapeLeft UIInterfaceOrientationLandscapeRight";
				INFOPLIST_KEY_UISupportedInterfaceOrientations_iPhone = "UIInterfaceOrientationPortrait UIInterfaceOrientationLandscapeLeft UIInterfaceOrientationLandscapeRight";
				LD_RUNPATH_SEARCH_PATHS = (
					"$(inherited)",
					"@executable_path/Frameworks",
				);
				MARKETING_VERSION = 1.0;
				PRODUCT_BUNDLE_IDENTIFIER = "com.aplicacionesLautaro.UIkit13-DelegationPatter";
				PRODUCT_NAME = "$(TARGET_NAME)";
				SWIFT_EMIT_LOC_STRINGS = YES;
				SWIFT_VERSION = 5.0;
				TARGETED_DEVICE_FAMILY = "1,2";
			};
			name = Debug;
		};
		D010733A292D40AA002EBA55 /* Release */ = {
			isa = XCBuildConfiguration;
			buildSettings = {
				ASSETCATALOG_COMPILER_APPICON_NAME = AppIcon;
				ASSETCATALOG_COMPILER_GLOBAL_ACCENT_COLOR_NAME = AccentColor;
				CODE_SIGN_STYLE = Automatic;
				CURRENT_PROJECT_VERSION = 1;
				DEVELOPMENT_TEAM = UNUMCWM4L2;
				GENERATE_INFOPLIST_FILE = YES;
				INFOPLIST_FILE = "UIkit13-DelegationPatter/Info.plist";
				INFOPLIST_KEY_UIApplicationSupportsIndirectInputEvents = YES;
				INFOPLIST_KEY_UILaunchStoryboardName = LaunchScreen;
				INFOPLIST_KEY_UIMainStoryboardFile = Main;
				INFOPLIST_KEY_UISupportedInterfaceOrientations_iPad = "UIInterfaceOrientationPortrait UIInterfaceOrientationPortraitUpsideDown UIInterfaceOrientationLandscapeLeft UIInterfaceOrientationLandscapeRight";
				INFOPLIST_KEY_UISupportedInterfaceOrientations_iPhone = "UIInterfaceOrientationPortrait UIInterfaceOrientationLandscapeLeft UIInterfaceOrientationLandscapeRight";
				LD_RUNPATH_SEARCH_PATHS = (
					"$(inherited)",
					"@executable_path/Frameworks",
				);
				MARKETING_VERSION = 1.0;
				PRODUCT_BUNDLE_IDENTIFIER = "com.aplicacionesLautaro.UIkit13-DelegationPatter";
				PRODUCT_NAME = "$(TARGET_NAME)";
				SWIFT_EMIT_LOC_STRINGS = YES;
				SWIFT_VERSION = 5.0;
				TARGETED_DEVICE_FAMILY = "1,2";
			};
			name = Release;
		};
/* End XCBuildConfiguration section */

/* Begin XCConfigurationList section */
		D010731F292D40A9002EBA55 /* Build configuration list for PBXProject "UIkit13-DelegationPatter" */ = {
			isa = XCConfigurationList;
			buildConfigurations = (
				D0107336292D40AA002EBA55 /* Debug */,
				D0107337292D40AA002EBA55 /* Release */,
			);
			defaultConfigurationIsVisible = 0;
			defaultConfigurationName = Release;
		};
		D0107338292D40AA002EBA55 /* Build configuration list for PBXNativeTarget "UIkit13-DelegationPatter" */ = {
			isa = XCConfigurationList;
			buildConfigurations = (
				D0107339292D40AA002EBA55 /* Debug */,
				D010733A292D40AA002EBA55 /* Release */,
			);
			defaultConfigurationIsVisible = 0;
			defaultConfigurationName = Release;
		};
/* End XCConfigurationList section */
	};
	rootObject = D010731C292D40A9002EBA55 /* Project object */;
}
